
Microsoft Visual Studio Solution File, Format Version 12.00
# Visual Studio Version 17
VisualStudioVersion = 17.2.32602.215
MinimumVisualStudioVersion = 10.0.40219.1
Project("{9A19103F-16F7-4668-BE54-9A1E7A4F7556}") = "SortingAlgoritms", "BubleSort\SortingAlgoritms.csproj", "{B1E6A62C-A191-44D6-A92F-FC32D4DCF9EC}"
EndProject
Project("{9A19103F-16F7-4668-BE54-9A1E7A4F7556}") = "SorterTests", "BubbleSortTest\SorterTests.csproj", "{F8F0356B-6755-431A-A773-AA56DB3039D7}"
EndProject
Global
	GlobalSection(SolutionConfigurationPlatforms) = preSolution
		Debug|Any CPU = Debug|Any CPU
		Release|Any CPU = Release|Any CPU
	EndGlobalSection
	GlobalSection(ProjectConfigurationPlatforms) = postSolution
		{B1E6A62C-A191-44D6-A92F-FC32D4DCF9EC}.Debug|Any CPU.ActiveCfg = Debug|Any CPU
		{B1E6A62C-A191-44D6-A92F-FC32D4DCF9EC}.Debug|Any CPU.Build.0 = Debug|Any CPU
		{B1E6A62C-A191-44D6-A92F-FC32D4DCF9EC}.Release|Any CPU.ActiveCfg = Release|Any CPU
		{B1E6A62C-A191-44D6-A92F-FC32D4DCF9EC}.Release|Any CPU.Build.0 = Release|Any CPU
		{F8F0356B-6755-431A-A773-AA56DB3039D7}.Debug|Any CPU.ActiveCfg = Debug|Any CPU
		{F8F0356B-6755-431A-A773-AA56DB3039D7}.Debug|Any CPU.Build.0 = Debug|Any CPU
		{F8F0356B-6755-431A-A773-AA56DB3039D7}.Release|Any CPU.ActiveCfg = Release|Any CPU
		{F8F0356B-6755-431A-A773-AA56DB3039D7}.Release|Any CPU.Build.0 = Release|Any CPU
	EndGlobalSection
	GlobalSection(SolutionProperties) = preSolution
		HideSolutionNode = FALSE
	EndGlobalSection
	GlobalSection(ExtensibilityGlobals) = postSolution
		SolutionGuid = {36D9A5C1-51F6-448C-8C73-8E846DCA12BC}
	EndGlobalSection
EndGlobal
